
Microsoft Visual Studio Solution File, Format Version 12.00
# Visual Studio 15
VisualStudioVersion = 15.0.26730.16
MinimumVisualStudioVersion = 10.0.40219.1
Project("{FAE04EC0-301F-11D3-BF4B-00C04F79EFBC}") = "PresentationLayer", "PresentationLayer\PresentationLayer.csproj", "{02AF884B-A1E9-4658-B7F8-FC9F788BF9B9}"
EndProject
Project("{FAE04EC0-301F-11D3-BF4B-00C04F79EFBC}") = "BusinessLayer", "BusinessLayer\BusinessLayer.csproj", "{E9D44161-F63E-4614-96EE-A26CA0718222}"
EndProject
Project("{FAE04EC0-301F-11D3-BF4B-00C04F79EFBC}") = "DataAccessLayer", "DataAccessLayer\DataAccessLayer.csproj", "{CFC7D192-8661-4808-94F2-3E64371E345A}"
EndProject
Global
	GlobalSection(SolutionConfigurationPlatforms) = preSolution
		Debug|Any CPU = Debug|Any CPU
		Release|Any CPU = Release|Any CPU
	EndGlobalSection
	GlobalSection(ProjectConfigurationPlatforms) = postSolution
		{02AF884B-A1E9-4658-B7F8-FC9F788BF9B9}.Debug|Any CPU.ActiveCfg = Debug|Any CPU
		{02AF884B-A1E9-4658-B7F8-FC9F788BF9B9}.Debug|Any CPU.Build.0 = Debug|Any CPU
		{02AF884B-A1E9-4658-B7F8-FC9F788BF9B9}.Release|Any CPU.ActiveCfg = Release|Any CPU
		{02AF884B-A1E9-4658-B7F8-FC9F788BF9B9}.Release|Any CPU.Build.0 = Release|Any CPU
		{E9D44161-F63E-4614-96EE-A26CA0718222}.Debug|Any CPU.ActiveCfg = Debug|Any CPU
		{E9D44161-F63E-4614-96EE-A26CA0718222}.Debug|Any CPU.Build.0 = Debug|Any CPU
		{E9D44161-F63E-4614-96EE-A26CA0718222}.Release|Any CPU.ActiveCfg = Release|Any CPU
		{E9D44161-F63E-4614-96EE-A26CA0718222}.Release|Any CPU.Build.0 = Release|Any CPU
		{CFC7D192-8661-4808-94F2-3E64371E345A}.Debug|Any CPU.ActiveCfg = Debug|Any CPU
		{CFC7D192-8661-4808-94F2-3E64371E345A}.Debug|Any CPU.Build.0 = Debug|Any CPU
		{CFC7D192-8661-4808-94F2-3E64371E345A}.Release|Any CPU.ActiveCfg = Release|Any CPU
		{CFC7D192-8661-4808-94F2-3E64371E345A}.Release|Any CPU.Build.0 = Release|Any CPU
	EndGlobalSection
	GlobalSection(SolutionProperties) = preSolution
		HideSolutionNode = FALSE
	EndGlobalSection
	GlobalSection(ExtensibilityGlobals) = postSolution
		SolutionGuid = {F23CB777-5F0A-4835-B405-11FD164B948E}
	EndGlobalSection
EndGlobal
